
Microsoft Visual Studio Solution File, Format Version 12.00
# Visual Studio Version 17
VisualStudioVersion = 17.1.32210.238
MinimumVisualStudioVersion = 10.0.40219.1
Project("{9A19103F-16F7-4668-BE54-9A1E7A4F7556}") = "ex2_1", "ex2_1\ex2_1.csproj", "{406CF6C9-A86F-463D-B2B3-90FCED8CD704}"
EndProject
Project("{FAE04EC0-301F-11D3-BF4B-00C04F79EFBC}") = "ProgTests", "ProgTests\ProgTests.csproj", "{0A5AAEA4-74A5-4614-A592-31DC39FA36DA}"
EndProject
Global
	GlobalSection(SolutionConfigurationPlatforms) = preSolution
		Debug|Any CPU = Debug|Any CPU
		Release|Any CPU = Release|Any CPU
	EndGlobalSection
	GlobalSection(ProjectConfigurationPlatforms) = postSolution
		{406CF6C9-A86F-463D-B2B3-90FCED8CD704}.Debug|Any CPU.ActiveCfg = Debug|Any CPU
		{406CF6C9-A86F-463D-B2B3-90FCED8CD704}.Debug|Any CPU.Build.0 = Debug|Any CPU
		{406CF6C9-A86F-463D-B2B3-90FCED8CD704}.Release|Any CPU.ActiveCfg = Release|Any CPU
		{406CF6C9-A86F-463D-B2B3-90FCED8CD704}.Release|Any CPU.Build.0 = Release|Any CPU
		{0A5AAEA4-74A5-4614-A592-31DC39FA36DA}.Debug|Any CPU.ActiveCfg = Debug|Any CPU
		{0A5AAEA4-74A5-4614-A592-31DC39FA36DA}.Debug|Any CPU.Build.0 = Debug|Any CPU
		{0A5AAEA4-74A5-4614-A592-31DC39FA36DA}.Release|Any CPU.ActiveCfg = Release|Any CPU
		{0A5AAEA4-74A5-4614-A592-31DC39FA36DA}.Release|Any CPU.Build.0 = Release|Any CPU
	EndGlobalSection
	GlobalSection(SolutionProperties) = preSolution
		HideSolutionNode = FALSE
	EndGlobalSection
	GlobalSection(ExtensibilityGlobals) = postSolution
		SolutionGuid = {C8E09675-7315-4F97-B79B-7D5A0EF012D8}
	EndGlobalSection
EndGlobal
